
Microsoft Visual Studio Solution File, Format Version 12.00
# Visual Studio Version 17
VisualStudioVersion = 17.9.34902.65
MinimumVisualStudioVersion = 10.0.40219.1
Project("{54A90642-561A-4BB1-A94E-469ADEE60C69}") = "StacjapogodowaII.Client", "stacjapogodowaii.client\StacjapogodowaII.Client.esproj", "{2100B9E6-5A2A-4823-888B-FFC7D2815BD1}"
EndProject
Project("{9A19103F-16F7-4668-BE54-9A1E7A4F7556}") = "StacjaPogodowaII.Server", "StacjaPogodowaII.Server\StacjaPogodowaII.Server.csproj", "{3EE97D99-CA19-454A-B400-AA443E52F3D6}"
EndProject
Global
	GlobalSection(SolutionConfigurationPlatforms) = preSolution
		Debug|Any CPU = Debug|Any CPU
		Release|Any CPU = Release|Any CPU
	EndGlobalSection
	GlobalSection(ProjectConfigurationPlatforms) = postSolution
		{2100B9E6-5A2A-4823-888B-FFC7D2815BD1}.Debug|Any CPU.ActiveCfg = Debug|Any CPU
		{2100B9E6-5A2A-4823-888B-FFC7D2815BD1}.Debug|Any CPU.Build.0 = Debug|Any CPU
		{2100B9E6-5A2A-4823-888B-FFC7D2815BD1}.Debug|Any CPU.Deploy.0 = Debug|Any CPU
		{2100B9E6-5A2A-4823-888B-FFC7D2815BD1}.Release|Any CPU.ActiveCfg = Release|Any CPU
		{2100B9E6-5A2A-4823-888B-FFC7D2815BD1}.Release|Any CPU.Build.0 = Release|Any CPU
		{2100B9E6-5A2A-4823-888B-FFC7D2815BD1}.Release|Any CPU.Deploy.0 = Release|Any CPU
		{3EE97D99-CA19-454A-B400-AA443E52F3D6}.Debug|Any CPU.ActiveCfg = Debug|Any CPU
		{3EE97D99-CA19-454A-B400-AA443E52F3D6}.Debug|Any CPU.Build.0 = Debug|Any CPU
		{3EE97D99-CA19-454A-B400-AA443E52F3D6}.Release|Any CPU.ActiveCfg = Release|Any CPU
		{3EE97D99-CA19-454A-B400-AA443E52F3D6}.Release|Any CPU.Build.0 = Release|Any CPU
	EndGlobalSection
	GlobalSection(SolutionProperties) = preSolution
		HideSolutionNode = FALSE
	EndGlobalSection
	GlobalSection(ExtensibilityGlobals) = postSolution
		SolutionGuid = {4B820A2C-6124-4C70-8F36-D64A100B20C5}
	EndGlobalSection
EndGlobal
